{
  "name": "@rbxts/hook-bag",
  "version": "0.0.5",
  "lockfileVersion": 1,
  "requires": true,
  "dependencies": {
    "@rbxts/compiler-types": {
      "version": "1.2.3-types.0",
      "resolved": "https://registry.npmjs.org/@rbxts/compiler-types/-/compiler-types-1.2.3-types.0.tgz",
      "integrity": "sha512-8dpU2CJjlinesUdWHdzhtt4oif9VkWgZzPQ61BIN+244CO7EfRBZ4tCEdNrmFjKiba2LZWOsDaMKn6Ui40tpTQ==",
      "dev": true
    },
    "@rbxts/flipper": {
      "version": "2.0.0",
      "resolved": "https://registry.npmjs.org/@rbxts/flipper/-/flipper-2.0.0.tgz",
      "integrity": "sha512-zB/YoH9y789Zgvxup7or8/IS2SHHRmO5aCcDrvpaSzAXwcMlP85b1kCe7KgvXTEp23bNpz8XaBE37KPyi8nvuQ=="
    },
    "@rbxts/maid": {
      "version": "1.0.0-ts.1",
      "resolved": "https://registry.npmjs.org/@rbxts/maid/-/maid-1.0.0-ts.1.tgz",
      "integrity": "sha512-nm4eucrDE5NnpkHJaaZvMwFJjk9YLAXrLYyA/MWXHI8vr7jeGHmex1N2b90ewa9KqeH+RiWlkXmj2xBALonC4Q=="
    },
    "@rbxts/roact": {
      "version": "1.4.0-ts.1",
      "resolved": "https://registry.npmjs.org/@rbxts/roact/-/roact-1.4.0-ts.1.tgz",
      "integrity": "sha512-m4wWdJO8Gx9c6DIiBVb/MPeiPUKUlsjqnXedSjLN6L6FNcu9xErzGcTho6MK0v2UdZbm+ngxdk/Bfv7JQlf/jA=="
    },
    "@rbxts/roact-hooks": {
      "version": "0.3.0-ts.1",
      "resolved": "https://registry.npmjs.org/@rbxts/roact-hooks/-/roact-hooks-0.3.0-ts.1.tgz",
      "integrity": "sha512-5H30lsqDEpfVxTokZWunoE1I9L0greOGPpofKHItMIBgzHR/uMkfby9hlAjqi5iQorITzCIiKvWw7utUiLj3Qw=="
    },
    "@rbxts/rodux": {
      "version": "3.0.0-ts.3",
      "resolved": "https://registry.npmjs.org/@rbxts/rodux/-/rodux-3.0.0-ts.3.tgz",
      "integrity": "sha512-LrLowiF1YL5U+lQheCNMo8sbrSEoZAIlVFOGB7Edjein5TtZAeNgyJrhY5yFH5gAfJQzFRnZWVOxWFaMlD0GRg=="
    },
    "@rbxts/roselect": {
      "version": "0.0.1",
      "resolved": "https://registry.npmjs.org/@rbxts/roselect/-/roselect-0.0.1.tgz",
      "integrity": "sha512-qdMaynIKQTd4PqhTupf9iX9P5XMDvcQvCDw6uFwDoYYIGIa72EofopEiJwyjoAsMrvyIYvJ9S9ZAK7VgbMmskg=="
    },
    "@rbxts/types": {
      "version": "1.0.505",
      "resolved": "https://registry.npmjs.org/@rbxts/types/-/types-1.0.505.tgz",
      "integrity": "sha512-pU+b0v1MSNnJ6sb/ZYuuPs82pY0+Ymm0frC8C3nY9BtlC5DMMCgKCBoSUAvlV5qyPyp2x2GN7gBaWKbXewXB2w==",
      "dev": true
    }
  }
}
